
Microsoft Visual Studio Solution File, Format Version 12.00
# Visual Studio Version 17
VisualStudioVersion = 17.3.32901.215
MinimumVisualStudioVersion = 10.0.40219.1
Project("{FAE04EC0-301F-11D3-BF4B-00C04F79EFBC}") = "MyAPI", "MyAPI\MyAPI.csproj", "{ED113C40-EDB9-4DEE-B40B-7CA2E33D78A2}"
EndProject
Global
	GlobalSection(SolutionConfigurationPlatforms) = preSolution
		Debug|Any CPU = Debug|Any CPU
		Release|Any CPU = Release|Any CPU
	EndGlobalSection
	GlobalSection(ProjectConfigurationPlatforms) = postSolution
		{ED113C40-EDB9-4DEE-B40B-7CA2E33D78A2}.Debug|Any CPU.ActiveCfg = Debug|Any CPU
		{ED113C40-EDB9-4DEE-B40B-7CA2E33D78A2}.Debug|Any CPU.Build.0 = Debug|Any CPU
		{ED113C40-EDB9-4DEE-B40B-7CA2E33D78A2}.Release|Any CPU.ActiveCfg = Release|Any CPU
		{ED113C40-EDB9-4DEE-B40B-7CA2E33D78A2}.Release|Any CPU.Build.0 = Release|Any CPU
	EndGlobalSection
	GlobalSection(SolutionProperties) = preSolution
		HideSolutionNode = FALSE
	EndGlobalSection
	GlobalSection(ExtensibilityGlobals) = postSolution
		SolutionGuid = {325D2DB6-2929-4AF0-88AD-110F1DAC2EF2}
	EndGlobalSection
EndGlobal
